// !$*UTF8*$!
{
	archiveVersion = 1;
	classes = {
	};
	objectVersion = 46;
	objects = {

/* Begin PBXBuildFile section */
		024DD56B552E6A0442CB16AC /* libPods.a in Frameworks */ = {isa = PBXBuildFile; fileRef = 1198FF6AB9F02B662E43DAFA /* libPods.a */; };
		39092F0F1BB7062F001AAB77 /* main.m in Sources */ = {isa = PBXBuildFile; fileRef = 39092F0E1BB7062F001AAB77 /* main.m */; };
		39092F121BB7062F001AAB77 /* AppDelegate.m in Sources */ = {isa = PBXBuildFile; fileRef = 39092F111BB7062F001AAB77 /* AppDelegate.m */; };
		39092F181BB7062F001AAB77 /* Main.storyboard in Resources */ = {isa = PBXBuildFile; fileRef = 39092F161BB7062F001AAB77 /* Main.storyboard */; };
		39092F1A1BB7062F001AAB77 /* Assets.xcassets in Resources */ = {isa = PBXBuildFile; fileRef = 39092F191BB7062F001AAB77 /* Assets.xcassets */; };
		39092F1D1BB7062F001AAB77 /* LaunchScreen.storyboard in Resources */ = {isa = PBXBuildFile; fileRef = 39092F1B1BB7062F001AAB77 /* LaunchScreen.storyboard */; };
		39092F291BB9A26F001AAB77 /* ArticlesListTableViewController.m in Sources */ = {isa = PBXBuildFile; fileRef = 39092F281BB9A26F001AAB77 /* ArticlesListTableViewController.m */; };
		393009E91C729DD9009BB57F /* SettingsViewController.m in Sources */ = {isa = PBXBuildFile; fileRef = 393009E81C729DD9009BB57F /* SettingsViewController.m */; };
		393009EC1C73DC38009BB57F /* LoginSafariViewController.m in Sources */ = {isa = PBXBuildFile; fileRef = 393009EB1C73DC38009BB57F /* LoginSafariViewController.m */; };
		39300A0E1C73E46B009BB57F /* SafariServices.framework in Frameworks */ = {isa = PBXBuildFile; fileRef = 39300A0D1C73E46B009BB57F /* SafariServices.framework */; };
		39300A151C73E8DD009BB57F /* PocketLoginViewController.xib in Resources */ = {isa = PBXBuildFile; fileRef = 39300A141C73E8DD009BB57F /* PocketLoginViewController.xib */; };
		39313CA31C70EC0C0081B679 /* MediaPlayer.framework in Frameworks */ = {isa = PBXBuildFile; fileRef = 39313CA21C70EC0C0081B679 /* MediaPlayer.framework */; };
		39313CD11C713A320081B679 /* AudioControlView.xib in Resources */ = {isa = PBXBuildFile; fileRef = 39313CD01C713A320081B679 /* AudioControlView.xib */; };
		39313CD41C713A3D0081B679 /* AudioControlsView.m in Sources */ = {isa = PBXBuildFile; fileRef = 39313CD31C713A3D0081B679 /* AudioControlsView.m */; };
		39313CD61C714FEC0081B679 /* SwiftSpinner.swift in Sources */ = {isa = PBXBuildFile; fileRef = 39313CD51C714FEC0081B679 /* SwiftSpinner.swift */; };
		393447141C628BBF0021BD1D /* ReadabilityManager.m in Sources */ = {isa = PBXBuildFile; fileRef = 393447131C628BBF0021BD1D /* ReadabilityManager.m */; };
		3934E6F61C73FFD80055E219 /* PocketUIApplication.m in Sources */ = {isa = PBXBuildFile; fileRef = 3934E6F51C73FFD80055E219 /* PocketUIApplication.m */; };
		393715221C5ED14500CFD16A /* DetailViewController.m in Sources */ = {isa = PBXBuildFile; fileRef = 393715211C5ED14500CFD16A /* DetailViewController.m */; };
		39374D221C6F92CD00ADB193 /* (null) in Sources */ = {isa = PBXBuildFile; };
		39374D231C6F92CD00ADB193 /* (null) in Sources */ = {isa = PBXBuildFile; };
		393D8C151C604794009457D0 /* Alamofire.framework in Frameworks */ = {isa = PBXBuildFile; fileRef = 393D8C0E1C604794009457D0 /* Alamofire.framework */; };
		393D8C161C604794009457D0 /* AlamofireObjectMapper.framework in Frameworks */ = {isa = PBXBuildFile; fileRef = 393D8C0F1C604794009457D0 /* AlamofireObjectMapper.framework */; };
		393D8C171C604794009457D0 /* HTTPStatusCodes.framework in Frameworks */ = {isa = PBXBuildFile; fileRef = 393D8C101C604794009457D0 /* HTTPStatusCodes.framework */; };
		393D8C181C604794009457D0 /* ObjectMapper.framework in Frameworks */ = {isa = PBXBuildFile; fileRef = 393D8C111C604794009457D0 /* ObjectMapper.framework */; };
		393D8C191C604794009457D0 /* Starscream.framework in Frameworks */ = {isa = PBXBuildFile; fileRef = 393D8C121C604794009457D0 /* Starscream.framework */; };
		393D8C1A1C604794009457D0 /* WatsonDeveloperCloud.framework in Frameworks */ = {isa = PBXBuildFile; fileRef = 393D8C131C604794009457D0 /* WatsonDeveloperCloud.framework */; };
		393D8C1B1C604794009457D0 /* XCGLogger.framework in Frameworks */ = {isa = PBXBuildFile; fileRef = 393D8C141C604794009457D0 /* XCGLogger.framework */; };
		393D8C1D1C6047FB009457D0 /* Alamofire.framework in CopyFiles */ = {isa = PBXBuildFile; fileRef = 393D8C0E1C604794009457D0 /* Alamofire.framework */; settings = {ATTRIBUTES = (CodeSignOnCopy, RemoveHeadersOnCopy, ); }; };
		393D8C1E1C6047FB009457D0 /* AlamofireObjectMapper.framework in CopyFiles */ = {isa = PBXBuildFile; fileRef = 393D8C0F1C604794009457D0 /* AlamofireObjectMapper.framework */; settings = {ATTRIBUTES = (CodeSignOnCopy, RemoveHeadersOnCopy, ); }; };
		393D8C1F1C6047FB009457D0 /* HTTPStatusCodes.framework in CopyFiles */ = {isa = PBXBuildFile; fileRef = 393D8C101C604794009457D0 /* HTTPStatusCodes.framework */; settings = {ATTRIBUTES = (CodeSignOnCopy, RemoveHeadersOnCopy, ); }; };
		393D8C201C6047FB009457D0 /* ObjectMapper.framework in CopyFiles */ = {isa = PBXBuildFile; fileRef = 393D8C111C604794009457D0 /* ObjectMapper.framework */; settings = {ATTRIBUTES = (CodeSignOnCopy, RemoveHeadersOnCopy, ); }; };
		393D8C211C6047FB009457D0 /* Starscream.framework in CopyFiles */ = {isa = PBXBuildFile; fileRef = 393D8C121C604794009457D0 /* Starscream.framework */; settings = {ATTRIBUTES = (CodeSignOnCopy, RemoveHeadersOnCopy, ); }; };
		393D8C221C6047FB009457D0 /* WatsonDeveloperCloud.framework in CopyFiles */ = {isa = PBXBuildFile; fileRef = 393D8C131C604794009457D0 /* WatsonDeveloperCloud.framework */; settings = {ATTRIBUTES = (CodeSignOnCopy, RemoveHeadersOnCopy, ); }; };
		393D8C231C6047FB009457D0 /* XCGLogger.framework in CopyFiles */ = {isa = PBXBuildFile; fileRef = 393D8C141C604794009457D0 /* XCGLogger.framework */; settings = {ATTRIBUTES = (CodeSignOnCopy, RemoveHeadersOnCopy, ); }; };
		3943BE3C1C7D320A001DA013 /* museo_slab_500-webfont.ttf in Resources */ = {isa = PBXBuildFile; fileRef = 3943BE3B1C7D320A001DA013 /* museo_slab_500-webfont.ttf */; };
		3943BE3E1C7D33BD001DA013 /* SourceSansPro-Regular.ttf in Resources */ = {isa = PBXBuildFile; fileRef = 3943BE3D1C7D33BD001DA013 /* SourceSansPro-Regular.ttf */; };
		394835621BB9B20B003A60E3 /* LoginViewController.m in Sources */ = {isa = PBXBuildFile; fileRef = 394835611BB9B20B003A60E3 /* LoginViewController.m */; };
		395A09241C618B3900C61BB2 /* WatsonTTSManager.swift in Sources */ = {isa = PBXBuildFile; fileRef = 395A09231C618B3900C61BB2 /* WatsonTTSManager.swift */; };
		396684D11C5FDA4B00FCE48E /* PocketManager.m in Sources */ = {isa = PBXBuildFile; fileRef = 396684D01C5FDA4B00FCE48E /* PocketManager.m */; };
		396998B91C790F9F00741239 /* UIColor+Hue.swift in Sources */ = {isa = PBXBuildFile; fileRef = 396998B81C790F9F00741239 /* UIColor+Hue.swift */; };
		39E399DC1C8262EB00CA4599 /* Pods-acknowledgements.plist in Resources */ = {isa = PBXBuildFile; fileRef = 39E399DB1C8262EB00CA4599 /* Pods-acknowledgements.plist */; };
		39F46E0C1BBF3BD3000C9BB9 /* PocketItem.m in Sources */ = {isa = PBXBuildFile; fileRef = 39F46E0B1BBF3BD3000C9BB9 /* PocketItem.m */; };
		EA4C5F76EAD133271470DEDB /* Pods.framework in Frameworks */ = {isa = PBXBuildFile; fileRef = CA3289441E480D48FCA48069 /* Pods.framework */; };
/* End PBXBuildFile section */

/* Begin PBXCopyFilesBuildPhase section */
		393D8C1C1C6047F2009457D0 /* CopyFiles */ = {
			isa = PBXCopyFilesBuildPhase;
			buildActionMask = 2147483647;
			dstPath = "";
			dstSubfolderSpec = 10;
			files = (
				393D8C1D1C6047FB009457D0 /* Alamofire.framework in CopyFiles */,
				393D8C1E1C6047FB009457D0 /* AlamofireObjectMapper.framework in CopyFiles */,
				393D8C1F1C6047FB009457D0 /* HTTPStatusCodes.framework in CopyFiles */,
				393D8C201C6047FB009457D0 /* ObjectMapper.framework in CopyFiles */,
				393D8C211C6047FB009457D0 /* Starscream.framework in CopyFiles */,
				393D8C221C6047FB009457D0 /* WatsonDeveloperCloud.framework in CopyFiles */,
				393D8C231C6047FB009457D0 /* XCGLogger.framework in CopyFiles */,
			);
			runOnlyForDeploymentPostprocessing = 0;
		};
/* End PBXCopyFilesBuildPhase section */

/* Begin PBXFileReference section */
		1198FF6AB9F02B662E43DAFA /* libPods.a */ = {isa = PBXFileReference; explicitFileType = archive.ar; includeInIndex = 0; path = libPods.a; sourceTree = BUILT_PRODUCTS_DIR; };
		39092F0A1BB7062F001AAB77 /* Pocket Voice.app */ = {isa = PBXFileReference; explicitFileType = wrapper.application; includeInIndex = 0; path = "Pocket Voice.app"; sourceTree = BUILT_PRODUCTS_DIR; };
		39092F0E1BB7062F001AAB77 /* main.m */ = {isa = PBXFileReference; lastKnownFileType = sourcecode.c.objc; path = main.m; sourceTree = "<group>"; };
		39092F101BB7062F001AAB77 /* AppDelegate.h */ = {isa = PBXFileReference; lastKnownFileType = sourcecode.c.h; path = AppDelegate.h; sourceTree = "<group>"; };
		39092F111BB7062F001AAB77 /* AppDelegate.m */ = {isa = PBXFileReference; lastKnownFileType = sourcecode.c.objc; path = AppDelegate.m; sourceTree = "<group>"; };
		39092F171BB7062F001AAB77 /* Base */ = {isa = PBXFileReference; lastKnownFileType = file.storyboard; name = Base; path = Base.lproj/Main.storyboard; sourceTree = "<group>"; };
		39092F191BB7062F001AAB77 /* Assets.xcassets */ = {isa = PBXFileReference; lastKnownFileType = folder.assetcatalog; path = Assets.xcassets; sourceTree = "<group>"; };
		39092F1C1BB7062F001AAB77 /* Base */ = {isa = PBXFileReference; lastKnownFileType = file.storyboard; name = Base; path = Base.lproj/LaunchScreen.storyboard; sourceTree = "<group>"; };
		39092F1E1BB7062F001AAB77 /* Info.plist */ = {isa = PBXFileReference; lastKnownFileType = text.plist.xml; path = Info.plist; sourceTree = "<group>"; };
		39092F271BB9A26F001AAB77 /* ArticlesListTableViewController.h */ = {isa = PBXFileReference; fileEncoding = 4; lastKnownFileType = sourcecode.c.h; path = ArticlesListTableViewController.h; sourceTree = "<group>"; };
		39092F281BB9A26F001AAB77 /* ArticlesListTableViewController.m */ = {isa = PBXFileReference; fileEncoding = 4; lastKnownFileType = sourcecode.c.objc; path = ArticlesListTableViewController.m; sourceTree = "<group>"; };
		393009E71C729DD9009BB57F /* SettingsViewController.h */ = {isa = PBXFileReference; fileEncoding = 4; lastKnownFileType = sourcecode.c.h; path = SettingsViewController.h; sourceTree = "<group>"; };
		393009E81C729DD9009BB57F /* SettingsViewController.m */ = {isa = PBXFileReference; fileEncoding = 4; lastKnownFileType = sourcecode.c.objc; path = SettingsViewController.m; sourceTree = "<group>"; };
		393009EA1C73DC38009BB57F /* LoginSafariViewController.h */ = {isa = PBXFileReference; fileEncoding = 4; lastKnownFileType = sourcecode.c.h; path = LoginSafariViewController.h; sourceTree = "<group>"; };
		393009EB1C73DC38009BB57F /* LoginSafariViewController.m */ = {isa = PBXFileReference; fileEncoding = 4; lastKnownFileType = sourcecode.c.objc; path = LoginSafariViewController.m; sourceTree = "<group>"; };
		39300A0D1C73E46B009BB57F /* SafariServices.framework */ = {isa = PBXFileReference; lastKnownFileType = wrapper.framework; name = SafariServices.framework; path = System/Library/Frameworks/SafariServices.framework; sourceTree = SDKROOT; };
		39300A141C73E8DD009BB57F /* PocketLoginViewController.xib */ = {isa = PBXFileReference; fileEncoding = 4; lastKnownFileType = file.xib; path = PocketLoginViewController.xib; sourceTree = "<group>"; };
		39313CA21C70EC0C0081B679 /* MediaPlayer.framework */ = {isa = PBXFileReference; lastKnownFileType = wrapper.framework; name = MediaPlayer.framework; path = System/Library/Frameworks/MediaPlayer.framework; sourceTree = SDKROOT; };
		39313CD01C713A320081B679 /* AudioControlView.xib */ = {isa = PBXFileReference; fileEncoding = 4; lastKnownFileType = file.xib; path = AudioControlView.xib; sourceTree = "<group>"; };
		39313CD21C713A3D0081B679 /* AudioControlsView.h */ = {isa = PBXFileReference; fileEncoding = 4; lastKnownFileType = sourcecode.c.h; path = AudioControlsView.h; sourceTree = "<group>"; };
		39313CD31C713A3D0081B679 /* AudioControlsView.m */ = {isa = PBXFileReference; fileEncoding = 4; lastKnownFileType = sourcecode.c.objc; path = AudioControlsView.m; sourceTree = "<group>"; };
		39313CD51C714FEC0081B679 /* SwiftSpinner.swift */ = {isa = PBXFileReference; fileEncoding = 4; lastKnownFileType = sourcecode.swift; path = SwiftSpinner.swift; sourceTree = "<group>"; };
		393447121C628BBF0021BD1D /* ReadabilityManager.h */ = {isa = PBXFileReference; fileEncoding = 4; lastKnownFileType = sourcecode.c.h; path = ReadabilityManager.h; sourceTree = "<group>"; };
		393447131C628BBF0021BD1D /* ReadabilityManager.m */ = {isa = PBXFileReference; fileEncoding = 4; lastKnownFileType = sourcecode.c.objc; path = ReadabilityManager.m; sourceTree = "<group>"; };
		3934E6F41C73FFD80055E219 /* PocketUIApplication.h */ = {isa = PBXFileReference; fileEncoding = 4; lastKnownFileType = sourcecode.c.h; path = PocketUIApplication.h; sourceTree = "<group>"; };
		3934E6F51C73FFD80055E219 /* PocketUIApplication.m */ = {isa = PBXFileReference; fileEncoding = 4; lastKnownFileType = sourcecode.c.objc; path = PocketUIApplication.m; sourceTree = "<group>"; };
		393715201C5ED14500CFD16A /* DetailViewController.h */ = {isa = PBXFileReference; fileEncoding = 4; lastKnownFileType = sourcecode.c.h; path = DetailViewController.h; sourceTree = "<group>"; };
		393715211C5ED14500CFD16A /* DetailViewController.m */ = {isa = PBXFileReference; fileEncoding = 4; lastKnownFileType = sourcecode.c.objc; path = DetailViewController.m; sourceTree = "<group>"; };
		393D8C0E1C604794009457D0 /* Alamofire.framework */ = {isa = PBXFileReference; lastKnownFileType = wrapper.framework; name = Alamofire.framework; path = Carthage/Build/iOS/Alamofire.framework; sourceTree = "<group>"; };
		393D8C0F1C604794009457D0 /* AlamofireObjectMapper.framework */ = {isa = PBXFileReference; lastKnownFileType = wrapper.framework; name = AlamofireObjectMapper.framework; path = Carthage/Build/iOS/AlamofireObjectMapper.framework; sourceTree = "<group>"; };
		393D8C101C604794009457D0 /* HTTPStatusCodes.framework */ = {isa = PBXFileReference; lastKnownFileType = wrapper.framework; name = HTTPStatusCodes.framework; path = Carthage/Build/iOS/HTTPStatusCodes.framework; sourceTree = "<group>"; };
		393D8C111C604794009457D0 /* ObjectMapper.framework */ = {isa = PBXFileReference; lastKnownFileType = wrapper.framework; name = ObjectMapper.framework; path = Carthage/Build/iOS/ObjectMapper.framework; sourceTree = "<group>"; };
		393D8C121C604794009457D0 /* Starscream.framework */ = {isa = PBXFileReference; lastKnownFileType = wrapper.framework; name = Starscream.framework; path = Carthage/Build/iOS/Starscream.framework; sourceTree = "<group>"; };
		393D8C131C604794009457D0 /* WatsonDeveloperCloud.framework */ = {isa = PBXFileReference; lastKnownFileType = wrapper.framework; name = WatsonDeveloperCloud.framework; path = Carthage/Build/iOS/WatsonDeveloperCloud.framework; sourceTree = "<group>"; };
		393D8C141C604794009457D0 /* XCGLogger.framework */ = {isa = PBXFileReference; lastKnownFileType = wrapper.framework; name = XCGLogger.framework; path = Carthage/Build/iOS/XCGLogger.framework; sourceTree = "<group>"; };
		3943BE3B1C7D320A001DA013 /* museo_slab_500-webfont.ttf */ = {isa = PBXFileReference; lastKnownFileType = file; path = "museo_slab_500-webfont.ttf"; sourceTree = "<group>"; };
		3943BE3D1C7D33BD001DA013 /* SourceSansPro-Regular.ttf */ = {isa = PBXFileReference; lastKnownFileType = file; path = "SourceSansPro-Regular.ttf"; sourceTree = "<group>"; };
		394835601BB9B20B003A60E3 /* LoginViewController.h */ = {isa = PBXFileReference; fileEncoding = 4; lastKnownFileType = sourcecode.c.h; path = LoginViewController.h; sourceTree = "<group>"; };
		394835611BB9B20B003A60E3 /* LoginViewController.m */ = {isa = PBXFileReference; fileEncoding = 4; lastKnownFileType = sourcecode.c.objc; path = LoginViewController.m; sourceTree = "<group>"; };
		395A09231C618B3900C61BB2 /* WatsonTTSManager.swift */ = {isa = PBXFileReference; fileEncoding = 4; lastKnownFileType = sourcecode.swift; path = WatsonTTSManager.swift; sourceTree = "<group>"; };
		395A09251C618C5D00C61BB2 /* Pocket Voice-Bridging-Header.h */ = {isa = PBXFileReference; fileEncoding = 4; lastKnownFileType = sourcecode.c.h; path = "Pocket Voice-Bridging-Header.h"; sourceTree = "<group>"; };
		396684CF1C5FDA4B00FCE48E /* PocketManager.h */ = {isa = PBXFileReference; fileEncoding = 4; lastKnownFileType = sourcecode.c.h; path = PocketManager.h; sourceTree = "<group>"; };
		396684D01C5FDA4B00FCE48E /* PocketManager.m */ = {isa = PBXFileReference; fileEncoding = 4; lastKnownFileType = sourcecode.c.objc; path = PocketManager.m; sourceTree = "<group>"; };
		396998B81C790F9F00741239 /* UIColor+Hue.swift */ = {isa = PBXFileReference; fileEncoding = 4; lastKnownFileType = sourcecode.swift; path = "UIColor+Hue.swift"; sourceTree = "<group>"; };
		39E399DB1C8262EB00CA4599 /* Pods-acknowledgements.plist */ = {isa = PBXFileReference; fileEncoding = 4; lastKnownFileType = text.plist.xml; path = "Pods-acknowledgements.plist"; sourceTree = "<group>"; };
		39F46E0A1BBF3BD3000C9BB9 /* PocketItem.h */ = {isa = PBXFileReference; fileEncoding = 4; lastKnownFileType = sourcecode.c.h; path = PocketItem.h; sourceTree = "<group>"; };
		39F46E0B1BBF3BD3000C9BB9 /* PocketItem.m */ = {isa = PBXFileReference; fileEncoding = 4; lastKnownFileType = sourcecode.c.objc; path = PocketItem.m; sourceTree = "<group>"; };
		499AE7A6C3E8B6133690D58C /* Pods.release.xcconfig */ = {isa = PBXFileReference; includeInIndex = 1; lastKnownFileType = text.xcconfig; name = Pods.release.xcconfig; path = "Pods/Target Support Files/Pods/Pods.release.xcconfig"; sourceTree = "<group>"; };
		B941D383516E7C9E3358E3FE /* Pods.debug.xcconfig */ = {isa = PBXFileReference; includeInIndex = 1; lastKnownFileType = text.xcconfig; name = Pods.debug.xcconfig; path = "Pods/Target Support Files/Pods/Pods.debug.xcconfig"; sourceTree = "<group>"; };
		CA3289441E480D48FCA48069 /* Pods.framework */ = {isa = PBXFileReference; explicitFileType = wrapper.framework; includeInIndex = 0; path = Pods.framework; sourceTree = BUILT_PRODUCTS_DIR; };
/* End PBXFileReference section */

/* Begin PBXFrameworksBuildPhase section */
		39092F071BB7062F001AAB77 /* Frameworks */ = {
			isa = PBXFrameworksBuildPhase;
			buildActionMask = 2147483647;
			files = (
				39300A0E1C73E46B009BB57F /* SafariServices.framework in Frameworks */,
				39313CA31C70EC0C0081B679 /* MediaPlayer.framework in Frameworks */,
				024DD56B552E6A0442CB16AC /* libPods.a in Frameworks */,
				393D8C1B1C604794009457D0 /* XCGLogger.framework in Frameworks */,
				393D8C191C604794009457D0 /* Starscream.framework in Frameworks */,
				393D8C161C604794009457D0 /* AlamofireObjectMapper.framework in Frameworks */,
				393D8C181C604794009457D0 /* ObjectMapper.framework in Frameworks */,
				393D8C151C604794009457D0 /* Alamofire.framework in Frameworks */,
				393D8C1A1C604794009457D0 /* WatsonDeveloperCloud.framework in Frameworks */,
				393D8C171C604794009457D0 /* HTTPStatusCodes.framework in Frameworks */,
				EA4C5F76EAD133271470DEDB /* Pods.framework in Frameworks */,
			);
			runOnlyForDeploymentPostprocessing = 0;
		};
/* End PBXFrameworksBuildPhase section */

/* Begin PBXGroup section */
		39092F011BB7062F001AAB77 = {
			isa = PBXGroup;
			children = (
				393D8C0D1C6042F5009457D0 /* Frameworks */,
				39092F0C1BB7062F001AAB77 /* Pocket Voice */,
				39092F0B1BB7062F001AAB77 /* Products */,
				92FC330093F1917A1424A41A /* Pods */,
				9F800BCF9A1599A06B0821D5 /* Frameworks */,
			);
			sourceTree = "<group>";
		};
		39092F0B1BB7062F001AAB77 /* Products */ = {
			isa = PBXGroup;
			children = (
				39092F0A1BB7062F001AAB77 /* Pocket Voice.app */,
			);
			name = Products;
			sourceTree = "<group>";
		};
		39092F0C1BB7062F001AAB77 /* Pocket Voice */ = {
			isa = PBXGroup;
			children = (
				39092F101BB7062F001AAB77 /* AppDelegate.h */,
				39092F111BB7062F001AAB77 /* AppDelegate.m */,
				396684CD1C5FD71000FCE48E /* ViewControllers */,
				396684CE1C5FD71F00FCE48E /* Model */,
				393447111C628B9C0021BD1D /* Views */,
				39092F191BB7062F001AAB77 /* Assets.xcassets */,
				39092F1E1BB7062F001AAB77 /* Info.plist */,
				3943BE3D1C7D33BD001DA013 /* SourceSansPro-Regular.ttf */,
				3943BE3B1C7D320A001DA013 /* museo_slab_500-webfont.ttf */,
				39092F0D1BB7062F001AAB77 /* Supporting Files */,
				395A09251C618C5D00C61BB2 /* Pocket Voice-Bridging-Header.h */,
			);
			path = "Pocket Voice";
			sourceTree = "<group>";
		};
		39092F0D1BB7062F001AAB77 /* Supporting Files */ = {
			isa = PBXGroup;
			children = (
				39E399DB1C8262EB00CA4599 /* Pods-acknowledgements.plist */,
				39092F0E1BB7062F001AAB77 /* main.m */,
			);
			name = "Supporting Files";
			sourceTree = "<group>";
		};
		393447111C628B9C0021BD1D /* Views */ = {
			isa = PBXGroup;
			children = (
				39300A141C73E8DD009BB57F /* PocketLoginViewController.xib */,
				39313CD01C713A320081B679 /* AudioControlView.xib */,
				39092F161BB7062F001AAB77 /* Main.storyboard */,
				39092F1B1BB7062F001AAB77 /* LaunchScreen.storyboard */,
			);
			name = Views;
			sourceTree = "<group>";
		};
		393D8C0D1C6042F5009457D0 /* Frameworks */ = {
			isa = PBXGroup;
			children = (
				39300A0D1C73E46B009BB57F /* SafariServices.framework */,
				39313CA21C70EC0C0081B679 /* MediaPlayer.framework */,
				393D8C0E1C604794009457D0 /* Alamofire.framework */,
				393D8C0F1C604794009457D0 /* AlamofireObjectMapper.framework */,
				393D8C101C604794009457D0 /* HTTPStatusCodes.framework */,
				393D8C111C604794009457D0 /* ObjectMapper.framework */,
				393D8C121C604794009457D0 /* Starscream.framework */,
				393D8C131C604794009457D0 /* WatsonDeveloperCloud.framework */,
				393D8C141C604794009457D0 /* XCGLogger.framework */,
				CA3289441E480D48FCA48069 /* Pods.framework */,
			);
			name = Frameworks;
			sourceTree = "<group>";
		};
		396684CD1C5FD71000FCE48E /* ViewControllers */ = {
			isa = PBXGroup;
			children = (
				39313CD21C713A3D0081B679 /* AudioControlsView.h */,
				39313CD31C713A3D0081B679 /* AudioControlsView.m */,
				3934E6F41C73FFD80055E219 /* PocketUIApplication.h */,
				3934E6F51C73FFD80055E219 /* PocketUIApplication.m */,
				39092F271BB9A26F001AAB77 /* ArticlesListTableViewController.h */,
				39092F281BB9A26F001AAB77 /* ArticlesListTableViewController.m */,
				393715201C5ED14500CFD16A /* DetailViewController.h */,
				393715211C5ED14500CFD16A /* DetailViewController.m */,
				394835601BB9B20B003A60E3 /* LoginViewController.h */,
				394835611BB9B20B003A60E3 /* LoginViewController.m */,
				393009EA1C73DC38009BB57F /* LoginSafariViewController.h */,
				393009EB1C73DC38009BB57F /* LoginSafariViewController.m */,
				393009E71C729DD9009BB57F /* SettingsViewController.h */,
				393009E81C729DD9009BB57F /* SettingsViewController.m */,
			);
			name = ViewControllers;
			sourceTree = "<group>";
		};
		396684CE1C5FD71F00FCE48E /* Model */ = {
			isa = PBXGroup;
			children = (
				39F46E0A1BBF3BD3000C9BB9 /* PocketItem.h */,
				39F46E0B1BBF3BD3000C9BB9 /* PocketItem.m */,
				396684CF1C5FDA4B00FCE48E /* PocketManager.h */,
				396684D01C5FDA4B00FCE48E /* PocketManager.m */,
				393447121C628BBF0021BD1D /* ReadabilityManager.h */,
				393447131C628BBF0021BD1D /* ReadabilityManager.m */,
				395A09231C618B3900C61BB2 /* WatsonTTSManager.swift */,
				39313CD51C714FEC0081B679 /* SwiftSpinner.swift */,
				396998B81C790F9F00741239 /* UIColor+Hue.swift */,
			);
			name = Model;
			sourceTree = "<group>";
		};
		92FC330093F1917A1424A41A /* Pods */ = {
			isa = PBXGroup;
			children = (
				B941D383516E7C9E3358E3FE /* Pods.debug.xcconfig */,
				499AE7A6C3E8B6133690D58C /* Pods.release.xcconfig */,
			);
			name = Pods;
			sourceTree = "<group>";
		};
		9F800BCF9A1599A06B0821D5 /* Frameworks */ = {
			isa = PBXGroup;
			children = (
				1198FF6AB9F02B662E43DAFA /* libPods.a */,
			);
			name = Frameworks;
			sourceTree = "<group>";
		};
/* End PBXGroup section */

/* Begin PBXNativeTarget section */
		39092F091BB7062F001AAB77 /* Pocket Voice */ = {
			isa = PBXNativeTarget;
			buildConfigurationList = 39092F211BB7062F001AAB77 /* Build configuration list for PBXNativeTarget "Pocket Voice" */;
			buildPhases = (
				9F4B3711DCCE6B637366FE2C /* Check Pods Manifest.lock */,
				39092F061BB7062F001AAB77 /* Sources */,
				39092F071BB7062F001AAB77 /* Frameworks */,
				39092F081BB7062F001AAB77 /* Resources */,
				EB5BBB6C86E4039CCF17C4FB /* Copy Pods Resources */,
				1982098AEE52CA5B936F3A83 /* Embed Pods Frameworks */,
				393D8C1C1C6047F2009457D0 /* CopyFiles */,
			);
			buildRules = (
			);
			dependencies = (
			);
			name = "Pocket Voice";
			productName = "Pocket Voice";
			productReference = 39092F0A1BB7062F001AAB77 /* Pocket Voice.app */;
			productType = "com.apple.product-type.application";
		};
/* End PBXNativeTarget section */

/* Begin PBXProject section */
		39092F021BB7062F001AAB77 /* Project object */ = {
			isa = PBXProject;
			attributes = {
				LastUpgradeCheck = 0700;
				ORGANIZATIONNAME = Noizy;
				TargetAttributes = {
					39092F091BB7062F001AAB77 = {
						CreatedOnToolsVersion = 7.0;
						SystemCapabilities = {
							com.apple.BackgroundModes = {
								enabled = 1;
							};
						};
					};
				};
			};
			buildConfigurationList = 39092F051BB7062F001AAB77 /* Build configuration list for PBXProject "Pocket Voice" */;
			compatibilityVersion = "Xcode 3.2";
			developmentRegion = English;
			hasScannedForEncodings = 0;
			knownRegions = (
				en,
				Base,
			);
			mainGroup = 39092F011BB7062F001AAB77;
			productRefGroup = 39092F0B1BB7062F001AAB77 /* Products */;
			projectDirPath = "";
			projectRoot = "";
			targets = (
				39092F091BB7062F001AAB77 /* Pocket Voice */,
			);
		};
/* End PBXProject section */

/* Begin PBXResourcesBuildPhase section */
		39092F081BB7062F001AAB77 /* Resources */ = {
			isa = PBXResourcesBuildPhase;
			buildActionMask = 2147483647;
			files = (
				39092F1D1BB7062F001AAB77 /* LaunchScreen.storyboard in Resources */,
				39092F1A1BB7062F001AAB77 /* Assets.xcassets in Resources */,
				39092F181BB7062F001AAB77 /* Main.storyboard in Resources */,
				39E399DC1C8262EB00CA4599 /* Pods-acknowledgements.plist in Resources */,
				3943BE3E1C7D33BD001DA013 /* SourceSansPro-Regular.ttf in Resources */,
				39313CD11C713A320081B679 /* AudioControlView.xib in Resources */,
				3943BE3C1C7D320A001DA013 /* museo_slab_500-webfont.ttf in Resources */,
				39300A151C73E8DD009BB57F /* PocketLoginViewController.xib in Resources */,
			);
			runOnlyForDeploymentPostprocessing = 0;
		};
/* End PBXResourcesBuildPhase section */

/* Begin PBXShellScriptBuildPhase section */
		1982098AEE52CA5B936F3A83 /* Embed Pods Frameworks */ = {
			isa = PBXShellScriptBuildPhase;
			buildActionMask = 2147483647;
			files = (
			);
			inputPaths = (
			);
			name = "Embed Pods Frameworks";
			outputPaths = (
			);
			runOnlyForDeploymentPostprocessing = 0;
			shellPath = /bin/sh;
			shellScript = "\"${SRCROOT}/Pods/Target Support Files/Pods/Pods-frameworks.sh\"\n";
			showEnvVarsInLog = 0;
		};
		9F4B3711DCCE6B637366FE2C /* Check Pods Manifest.lock */ = {
			isa = PBXShellScriptBuildPhase;
			buildActionMask = 2147483647;
			files = (
			);
			inputPaths = (
			);
			name = "Check Pods Manifest.lock";
			outputPaths = (
			);
			runOnlyForDeploymentPostprocessing = 0;
			shellPath = /bin/sh;
			shellScript = "diff \"${PODS_ROOT}/../Podfile.lock\" \"${PODS_ROOT}/Manifest.lock\" > /dev/null\nif [[ $? != 0 ]] ; then\n    cat << EOM\nerror: The sandbox is not in sync with the Podfile.lock. Run 'pod install' or update your CocoaPods installation.\nEOM\n    exit 1\nfi\n";
			showEnvVarsInLog = 0;
		};
		EB5BBB6C86E4039CCF17C4FB /* Copy Pods Resources */ = {
			isa = PBXShellScriptBuildPhase;
			buildActionMask = 2147483647;
			files = (
			);
			inputPaths = (
			);
			name = "Copy Pods Resources";
			outputPaths = (
			);
			runOnlyForDeploymentPostprocessing = 0;
			shellPath = /bin/sh;
			shellScript = "\"${SRCROOT}/Pods/Target Support Files/Pods/Pods-resources.sh\"\n";
			showEnvVarsInLog = 0;
		};
/* End PBXShellScriptBuildPhase section */

/* Begin PBXSourcesBuildPhase section */
		39092F061BB7062F001AAB77 /* Sources */ = {
			isa = PBXSourcesBuildPhase;
			buildActionMask = 2147483647;
			files = (
				396684D11C5FDA4B00FCE48E /* PocketManager.m in Sources */,
				39313CD41C713A3D0081B679 /* AudioControlsView.m in Sources */,
				394835621BB9B20B003A60E3 /* LoginViewController.m in Sources */,
				393447141C628BBF0021BD1D /* ReadabilityManager.m in Sources */,
				39092F121BB7062F001AAB77 /* AppDelegate.m in Sources */,
				396998B91C790F9F00741239 /* UIColor+Hue.swift in Sources */,
				39F46E0C1BBF3BD3000C9BB9 /* PocketItem.m in Sources */,
				39313CD61C714FEC0081B679 /* SwiftSpinner.swift in Sources */,
				39374D231C6F92CD00ADB193 /* (null) in Sources */,
				3934E6F61C73FFD80055E219 /* PocketUIApplication.m in Sources */,
				393009EC1C73DC38009BB57F /* LoginSafariViewController.m in Sources */,
				39092F291BB9A26F001AAB77 /* ArticlesListTableViewController.m in Sources */,
				395A09241C618B3900C61BB2 /* WatsonTTSManager.swift in Sources */,
				39092F0F1BB7062F001AAB77 /* main.m in Sources */,
				393715221C5ED14500CFD16A /* DetailViewController.m in Sources */,
				39374D221C6F92CD00ADB193 /* (null) in Sources */,
				393009E91C729DD9009BB57F /* SettingsViewController.m in Sources */,
			);
			runOnlyForDeploymentPostprocessing = 0;
		};
/* End PBXSourcesBuildPhase section */

/* Begin PBXVariantGroup section */
		39092F161BB7062F001AAB77 /* Main.storyboard */ = {
			isa = PBXVariantGroup;
			children = (
				39092F171BB7062F001AAB77 /* Base */,
			);
			name = Main.storyboard;
			sourceTree = "<group>";
		};
		39092F1B1BB7062F001AAB77 /* LaunchScreen.storyboard */ = {
			isa = PBXVariantGroup;
			children = (
				39092F1C1BB7062F001AAB77 /* Base */,
			);
			name = LaunchScreen.storyboard;
			sourceTree = "<group>";
		};
/* End PBXVariantGroup section */

/* Begin XCBuildConfiguration section */
		39092F1F1BB7062F001AAB77 /* Debug */ = {
			isa = XCBuildConfiguration;
			buildSettings = {
				ALWAYS_SEARCH_USER_PATHS = NO;
				CLANG_CXX_LANGUAGE_STANDARD = "gnu++0x";
				CLANG_CXX_LIBRARY = "libc++";
				CLANG_ENABLE_MODULES = YES;
				CLANG_ENABLE_OBJC_ARC = YES;
				CLANG_WARN_BOOL_CONVERSION = YES;
				CLANG_WARN_CONSTANT_CONVERSION = YES;
				CLANG_WARN_DIRECT_OBJC_ISA_USAGE = YES_ERROR;
				CLANG_WARN_EMPTY_BODY = YES;
				CLANG_WARN_ENUM_CONVERSION = YES;
				CLANG_WARN_INT_CONVERSION = YES;
				CLANG_WARN_OBJC_ROOT_CLASS = YES_ERROR;
				CLANG_WARN_UNREACHABLE_CODE = YES;
				CLANG_WARN__DUPLICATE_METHOD_MATCH = YES;
				"CODE_SIGN_IDENTITY[sdk=iphoneos*]" = "iPhone Developer";
				COPY_PHASE_STRIP = NO;
				DEBUG_INFORMATION_FORMAT = dwarf;
				ENABLE_STRICT_OBJC_MSGSEND = YES;
				ENABLE_TESTABILITY = YES;
				GCC_C_LANGUAGE_STANDARD = gnu99;
				GCC_DYNAMIC_NO_PIC = NO;
				GCC_NO_COMMON_BLOCKS = YES;
				GCC_OPTIMIZATION_LEVEL = 0;
				GCC_PREPROCESSOR_DEFINITIONS = (
					"DEBUG=1",
					"$(inherited)",
				);
				GCC_WARN_64_TO_32_BIT_CONVERSION = YES;
				GCC_WARN_ABOUT_RETURN_TYPE = YES_ERROR;
				GCC_WARN_UNDECLARED_SELECTOR = YES;
				GCC_WARN_UNINITIALIZED_AUTOS = YES_AGGRESSIVE;
				GCC_WARN_UNUSED_FUNCTION = YES;
				GCC_WARN_UNUSED_VARIABLE = YES;
				IPHONEOS_DEPLOYMENT_TARGET = 9.0;
				MTL_ENABLE_DEBUG_INFO = YES;
				ONLY_ACTIVE_ARCH = YES;
				SDKROOT = iphoneos;
				SWIFT_OBJC_BRIDGING_HEADER = "./Pocket Voice/Pocket Voice-Bridging-Header.h";
			};
			name = Debug;
		};
		39092F201BB7062F001AAB77 /* Release */ = {
			isa = XCBuildConfiguration;
			buildSettings = {
				ALWAYS_SEARCH_USER_PATHS = NO;
				CLANG_CXX_LANGUAGE_STANDARD = "gnu++0x";
				CLANG_CXX_LIBRARY = "libc++";
				CLANG_ENABLE_MODULES = YES;
				CLANG_ENABLE_OBJC_ARC = YES;
				CLANG_WARN_BOOL_CONVERSION = YES;
				CLANG_WARN_CONSTANT_CONVERSION = YES;
				CLANG_WARN_DIRECT_OBJC_ISA_USAGE = YES_ERROR;
				CLANG_WARN_EMPTY_BODY = YES;
				CLANG_WARN_ENUM_CONVERSION = YES;
				CLANG_WARN_INT_CONVERSION = YES;
				CLANG_WARN_OBJC_ROOT_CLASS = YES_ERROR;
				CLANG_WARN_UNREACHABLE_CODE = YES;
				CLANG_WARN__DUPLICATE_METHOD_MATCH = YES;
				"CODE_SIGN_IDENTITY[sdk=iphoneos*]" = "iPhone Developer";
				COPY_PHASE_STRIP = NO;
				DEBUG_INFORMATION_FORMAT = "dwarf-with-dsym";
				ENABLE_NS_ASSERTIONS = NO;
				ENABLE_STRICT_OBJC_MSGSEND = YES;
				GCC_C_LANGUAGE_STANDARD = gnu99;
				GCC_NO_COMMON_BLOCKS = YES;
				GCC_WARN_64_TO_32_BIT_CONVERSION = YES;
				GCC_WARN_ABOUT_RETURN_TYPE = YES_ERROR;
				GCC_WARN_UNDECLARED_SELECTOR = YES;
				GCC_WARN_UNINITIALIZED_AUTOS = YES_AGGRESSIVE;
				GCC_WARN_UNUSED_FUNCTION = YES;
				GCC_WARN_UNUSED_VARIABLE = YES;
				IPHONEOS_DEPLOYMENT_TARGET = 9.0;
				MTL_ENABLE_DEBUG_INFO = NO;
				SDKROOT = iphoneos;
				SWIFT_OBJC_BRIDGING_HEADER = "./Pocket Voice/Pocket Voice-Bridging-Header.h";
				VALIDATE_PRODUCT = YES;
			};
			name = Release;
		};
		39092F221BB7062F001AAB77 /* Debug */ = {
			isa = XCBuildConfiguration;
			baseConfigurationReference = B941D383516E7C9E3358E3FE /* Pods.debug.xcconfig */;
			buildSettings = {
				ASSETCATALOG_COMPILER_APPICON_NAME = AppIcon;
				DEFINES_MODULE = YES;
				EMBEDDED_CONTENT_CONTAINS_SWIFT = YES;
				FRAMEWORK_SEARCH_PATHS = (
					"$(inherited)",
					"$(PROJECT_DIR)/Carthage/Build/iOS",
				);
				INFOPLIST_FILE = "Pocket Voice/Info.plist";
				LD_RUNPATH_SEARCH_PATHS = "$(inherited) @executable_path/Frameworks";
				PRODUCT_BUNDLE_IDENTIFIER = "net.noizystudios.Pocket-Voice";
				PRODUCT_NAME = "$(TARGET_NAME)";
				SWIFT_OBJC_BRIDGING_HEADER = "./Pocket Voice/Pocket Voice-Bridging-Header.h";
			};
			name = Debug;
		};
		39092F231BB7062F001AAB77 /* Release */ = {
			isa = XCBuildConfiguration;
			baseConfigurationReference = 499AE7A6C3E8B6133690D58C /* Pods.release.xcconfig */;
			buildSettings = {
				ASSETCATALOG_COMPILER_APPICON_NAME = AppIcon;
				DEFINES_MODULE = YES;
				EMBEDDED_CONTENT_CONTAINS_SWIFT = YES;
				FRAMEWORK_SEARCH_PATHS = (
					"$(inherited)",
					"$(PROJECT_DIR)/Carthage/Build/iOS",
				);
				INFOPLIST_FILE = "Pocket Voice/Info.plist";
				LD_RUNPATH_SEARCH_PATHS = "$(inherited) @executable_path/Frameworks";
				PRODUCT_BUNDLE_IDENTIFIER = "net.noizystudios.Pocket-Voice";
				PRODUCT_NAME = "$(TARGET_NAME)";
				SWIFT_OBJC_BRIDGING_HEADER = "./Pocket Voice/Pocket Voice-Bridging-Header.h";
			};
			name = Release;
		};
/* End XCBuildConfiguration section */

/* Begin XCConfigurationList section */
		39092F051BB7062F001AAB77 /* Build configuration list for PBXProject "Pocket Voice" */ = {
			isa = XCConfigurationList;
			buildConfigurations = (
				39092F1F1BB7062F001AAB77 /* Debug */,
				39092F201BB7062F001AAB77 /* Release */,
			);
			defaultConfigurationIsVisible = 0;
			defaultConfigurationName = Release;
		};
		39092F211BB7062F001AAB77 /* Build configuration list for PBXNativeTarget "Pocket Voice" */ = {
			isa = XCConfigurationList;
			buildConfigurations = (
				39092F221BB7062F001AAB77 /* Debug */,
				39092F231BB7062F001AAB77 /* Release */,
			);
			defaultConfigurationIsVisible = 0;
			defaultConfigurationName = Release;
		};
/* End XCConfigurationList section */
	};
	rootObject = 39092F021BB7062F001AAB77 /* Project object */;
}
